
Microsoft Visual Studio Solution File, Format Version 12.00
# Visual Studio Version 16
VisualStudioVersion = 16.0.29509.3
MinimumVisualStudioVersion = 10.0.40219.1
Project("{FAE04EC0-301F-11D3-BF4B-00C04F79EFBC}") = "LearningThroughCollections", "LearningThroughCollections.csproj", "{AA67ACD7-241C-4C99-960E-A44E38D3E0E6}"
EndProject
Project("{9A19103F-16F7-4668-BE54-9A1E7A4F7556}") = "ListasDeObjetos", "ListasDeObjetos\ListasDeObjetos.csproj", "{E0AE4AE8-A591-4340-88FF-F2313A9E0498}"
EndProject
Project("{FAE04EC0-301F-11D3-BF4B-00C04F79EFBC}") = "Arrays", "Arrays\Arrays.csproj", "{AB08C28F-2246-4512-81E7-5C36E93C925C}"
EndProject
Project("{9A19103F-16F7-4668-BE54-9A1E7A4F7556}") = "ListasDeStrings", "ListasStrings\ListasDeStrings.csproj", "{CD1055F0-C3CA-44D4-8F44-C4256472C65A}"
EndProject
Project("{9A19103F-16F7-4668-BE54-9A1E7A4F7556}") = "ListaSomenteLeitura", "ListaSomenteLeitura\ListaSomenteLeitura.csproj", "{F67B5209-F293-4D4D-99A7-B7C65B06FD59}"
EndProject
Project("{9A19103F-16F7-4668-BE54-9A1E7A4F7556}") = "Conjuntos", "Conjuntos\Conjuntos.csproj", "{6E6631F3-0058-4F7C-BFE1-CFE2AB2971E8}"
EndProject
Project("{9A19103F-16F7-4668-BE54-9A1E7A4F7556}") = "SetModel", "SetModel\SetModel.csproj", "{3B37562C-2238-4223-8B3A-0A9A7B767BB6}"
EndProject
Project("{FAE04EC0-301F-11D3-BF4B-00C04F79EFBC}") = "Dicionaries", "Dicionaries\Dicionaries.csproj", "{8808C737-25D4-412B-94F2-817A0015E6FB}"
EndProject
Global
	GlobalSection(SolutionConfigurationPlatforms) = preSolution
		Debug|Any CPU = Debug|Any CPU
		Debug|ARM = Debug|ARM
		Debug|ARM64 = Debug|ARM64
		Debug|x64 = Debug|x64
		Debug|x86 = Debug|x86
		Release|Any CPU = Release|Any CPU
		Release|ARM = Release|ARM
		Release|ARM64 = Release|ARM64
		Release|x64 = Release|x64
		Release|x86 = Release|x86
	EndGlobalSection
	GlobalSection(ProjectConfigurationPlatforms) = postSolution
		{AA67ACD7-241C-4C99-960E-A44E38D3E0E6}.Debug|Any CPU.ActiveCfg = Debug|Any CPU
		{AA67ACD7-241C-4C99-960E-A44E38D3E0E6}.Debug|Any CPU.Build.0 = Debug|Any CPU
		{AA67ACD7-241C-4C99-960E-A44E38D3E0E6}.Debug|ARM.ActiveCfg = Debug|Any CPU
		{AA67ACD7-241C-4C99-960E-A44E38D3E0E6}.Debug|ARM.Build.0 = Debug|Any CPU
		{AA67ACD7-241C-4C99-960E-A44E38D3E0E6}.Debug|ARM64.ActiveCfg = Debug|Any CPU
		{AA67ACD7-241C-4C99-960E-A44E38D3E0E6}.Debug|ARM64.Build.0 = Debug|Any CPU
		{AA67ACD7-241C-4C99-960E-A44E38D3E0E6}.Debug|x64.ActiveCfg = Debug|Any CPU
		{AA67ACD7-241C-4C99-960E-A44E38D3E0E6}.Debug|x64.Build.0 = Debug|Any CPU
		{AA67ACD7-241C-4C99-960E-A44E38D3E0E6}.Debug|x86.ActiveCfg = Debug|Any CPU
		{AA67ACD7-241C-4C99-960E-A44E38D3E0E6}.Debug|x86.Build.0 = Debug|Any CPU
		{AA67ACD7-241C-4C99-960E-A44E38D3E0E6}.Release|Any CPU.ActiveCfg = Release|Any CPU
		{AA67ACD7-241C-4C99-960E-A44E38D3E0E6}.Release|Any CPU.Build.0 = Release|Any CPU
		{AA67ACD7-241C-4C99-960E-A44E38D3E0E6}.Release|ARM.ActiveCfg = Release|Any CPU
		{AA67ACD7-241C-4C99-960E-A44E38D3E0E6}.Release|ARM.Build.0 = Release|Any CPU
		{AA67ACD7-241C-4C99-960E-A44E38D3E0E6}.Release|ARM64.ActiveCfg = Release|Any CPU
		{AA67ACD7-241C-4C99-960E-A44E38D3E0E6}.Release|ARM64.Build.0 = Release|Any CPU
		{AA67ACD7-241C-4C99-960E-A44E38D3E0E6}.Release|x64.ActiveCfg = Release|Any CPU
		{AA67ACD7-241C-4C99-960E-A44E38D3E0E6}.Release|x64.Build.0 = Release|Any CPU
		{AA67ACD7-241C-4C99-960E-A44E38D3E0E6}.Release|x86.ActiveCfg = Release|Any CPU
		{AA67ACD7-241C-4C99-960E-A44E38D3E0E6}.Release|x86.Build.0 = Release|Any CPU
		{E0AE4AE8-A591-4340-88FF-F2313A9E0498}.Debug|Any CPU.ActiveCfg = Debug|Any CPU
		{E0AE4AE8-A591-4340-88FF-F2313A9E0498}.Debug|Any CPU.Build.0 = Debug|Any CPU
		{E0AE4AE8-A591-4340-88FF-F2313A9E0498}.Debug|ARM.ActiveCfg = Debug|Any CPU
		{E0AE4AE8-A591-4340-88FF-F2313A9E0498}.Debug|ARM.Build.0 = Debug|Any CPU
		{E0AE4AE8-A591-4340-88FF-F2313A9E0498}.Debug|ARM64.ActiveCfg = Debug|Any CPU
		{E0AE4AE8-A591-4340-88FF-F2313A9E0498}.Debug|ARM64.Build.0 = Debug|Any CPU
		{E0AE4AE8-A591-4340-88FF-F2313A9E0498}.Debug|x64.ActiveCfg = Debug|Any CPU
		{E0AE4AE8-A591-4340-88FF-F2313A9E0498}.Debug|x64.Build.0 = Debug|Any CPU
		{E0AE4AE8-A591-4340-88FF-F2313A9E0498}.Debug|x86.ActiveCfg = Debug|Any CPU
		{E0AE4AE8-A591-4340-88FF-F2313A9E0498}.Debug|x86.Build.0 = Debug|Any CPU
		{E0AE4AE8-A591-4340-88FF-F2313A9E0498}.Release|Any CPU.ActiveCfg = Release|Any CPU
		{E0AE4AE8-A591-4340-88FF-F2313A9E0498}.Release|Any CPU.Build.0 = Release|Any CPU
		{E0AE4AE8-A591-4340-88FF-F2313A9E0498}.Release|ARM.ActiveCfg = Release|Any CPU
		{E0AE4AE8-A591-4340-88FF-F2313A9E0498}.Release|ARM.Build.0 = Release|Any CPU
		{E0AE4AE8-A591-4340-88FF-F2313A9E0498}.Release|ARM64.ActiveCfg = Release|Any CPU
		{E0AE4AE8-A591-4340-88FF-F2313A9E0498}.Release|ARM64.Build.0 = Release|Any CPU
		{E0AE4AE8-A591-4340-88FF-F2313A9E0498}.Release|x64.ActiveCfg = Release|Any CPU
		{E0AE4AE8-A591-4340-88FF-F2313A9E0498}.Release|x64.Build.0 = Release|Any CPU
		{E0AE4AE8-A591-4340-88FF-F2313A9E0498}.Release|x86.ActiveCfg = Release|Any CPU
		{E0AE4AE8-A591-4340-88FF-F2313A9E0498}.Release|x86.Build.0 = Release|Any CPU
		{AB08C28F-2246-4512-81E7-5C36E93C925C}.Debug|Any CPU.ActiveCfg = Debug|Any CPU
		{AB08C28F-2246-4512-81E7-5C36E93C925C}.Debug|Any CPU.Build.0 = Debug|Any CPU
		{AB08C28F-2246-4512-81E7-5C36E93C925C}.Debug|ARM.ActiveCfg = Debug|ARM
		{AB08C28F-2246-4512-81E7-5C36E93C925C}.Debug|ARM.Build.0 = Debug|ARM
		{AB08C28F-2246-4512-81E7-5C36E93C925C}.Debug|ARM64.ActiveCfg = Debug|ARM64
		{AB08C28F-2246-4512-81E7-5C36E93C925C}.Debug|ARM64.Build.0 = Debug|ARM64
		{AB08C28F-2246-4512-81E7-5C36E93C925C}.Debug|x64.ActiveCfg = Debug|x64
		{AB08C28F-2246-4512-81E7-5C36E93C925C}.Debug|x64.Build.0 = Debug|x64
		{AB08C28F-2246-4512-81E7-5C36E93C925C}.Debug|x86.ActiveCfg = Debug|x86
		{AB08C28F-2246-4512-81E7-5C36E93C925C}.Debug|x86.Build.0 = Debug|x86
		{AB08C28F-2246-4512-81E7-5C36E93C925C}.Release|Any CPU.ActiveCfg = Release|Any CPU
		{AB08C28F-2246-4512-81E7-5C36E93C925C}.Release|Any CPU.Build.0 = Release|Any CPU
		{AB08C28F-2246-4512-81E7-5C36E93C925C}.Release|ARM.ActiveCfg = Release|ARM
		{AB08C28F-2246-4512-81E7-5C36E93C925C}.Release|ARM.Build.0 = Release|ARM
		{AB08C28F-2246-4512-81E7-5C36E93C925C}.Release|ARM64.ActiveCfg = Release|ARM64
		{AB08C28F-2246-4512-81E7-5C36E93C925C}.Release|ARM64.Build.0 = Release|ARM64
		{AB08C28F-2246-4512-81E7-5C36E93C925C}.Release|x64.ActiveCfg = Release|x64
		{AB08C28F-2246-4512-81E7-5C36E93C925C}.Release|x64.Build.0 = Release|x64
		{AB08C28F-2246-4512-81E7-5C36E93C925C}.Release|x86.ActiveCfg = Release|x86
		{AB08C28F-2246-4512-81E7-5C36E93C925C}.Release|x86.Build.0 = Release|x86
		{CD1055F0-C3CA-44D4-8F44-C4256472C65A}.Debug|Any CPU.ActiveCfg = Debug|Any CPU
		{CD1055F0-C3CA-44D4-8F44-C4256472C65A}.Debug|Any CPU.Build.0 = Debug|Any CPU
		{CD1055F0-C3CA-44D4-8F44-C4256472C65A}.Debug|ARM.ActiveCfg = Debug|Any CPU
		{CD1055F0-C3CA-44D4-8F44-C4256472C65A}.Debug|ARM.Build.0 = Debug|Any CPU
		{CD1055F0-C3CA-44D4-8F44-C4256472C65A}.Debug|ARM64.ActiveCfg = Debug|Any CPU
		{CD1055F0-C3CA-44D4-8F44-C4256472C65A}.Debug|ARM64.Build.0 = Debug|Any CPU
		{CD1055F0-C3CA-44D4-8F44-C4256472C65A}.Debug|x64.ActiveCfg = Debug|Any CPU
		{CD1055F0-C3CA-44D4-8F44-C4256472C65A}.Debug|x64.Build.0 = Debug|Any CPU
		{CD1055F0-C3CA-44D4-8F44-C4256472C65A}.Debug|x86.ActiveCfg = Debug|Any CPU
		{CD1055F0-C3CA-44D4-8F44-C4256472C65A}.Debug|x86.Build.0 = Debug|Any CPU
		{CD1055F0-C3CA-44D4-8F44-C4256472C65A}.Release|Any CPU.ActiveCfg = Release|Any CPU
		{CD1055F0-C3CA-44D4-8F44-C4256472C65A}.Release|Any CPU.Build.0 = Release|Any CPU
		{CD1055F0-C3CA-44D4-8F44-C4256472C65A}.Release|ARM.ActiveCfg = Release|Any CPU
		{CD1055F0-C3CA-44D4-8F44-C4256472C65A}.Release|ARM.Build.0 = Release|Any CPU
		{CD1055F0-C3CA-44D4-8F44-C4256472C65A}.Release|ARM64.ActiveCfg = Release|Any CPU
		{CD1055F0-C3CA-44D4-8F44-C4256472C65A}.Release|ARM64.Build.0 = Release|Any CPU
		{CD1055F0-C3CA-44D4-8F44-C4256472C65A}.Release|x64.ActiveCfg = Release|Any CPU
		{CD1055F0-C3CA-44D4-8F44-C4256472C65A}.Release|x64.Build.0 = Release|Any CPU
		{CD1055F0-C3CA-44D4-8F44-C4256472C65A}.Release|x86.ActiveCfg = Release|Any CPU
		{CD1055F0-C3CA-44D4-8F44-C4256472C65A}.Release|x86.Build.0 = Release|Any CPU
		{F67B5209-F293-4D4D-99A7-B7C65B06FD59}.Debug|Any CPU.ActiveCfg = Debug|Any CPU
		{F67B5209-F293-4D4D-99A7-B7C65B06FD59}.Debug|Any CPU.Build.0 = Debug|Any CPU
		{F67B5209-F293-4D4D-99A7-B7C65B06FD59}.Debug|ARM.ActiveCfg = Debug|Any CPU
		{F67B5209-F293-4D4D-99A7-B7C65B06FD59}.Debug|ARM.Build.0 = Debug|Any CPU
		{F67B5209-F293-4D4D-99A7-B7C65B06FD59}.Debug|ARM64.ActiveCfg = Debug|Any CPU
		{F67B5209-F293-4D4D-99A7-B7C65B06FD59}.Debug|ARM64.Build.0 = Debug|Any CPU
		{F67B5209-F293-4D4D-99A7-B7C65B06FD59}.Debug|x64.ActiveCfg = Debug|Any CPU
		{F67B5209-F293-4D4D-99A7-B7C65B06FD59}.Debug|x64.Build.0 = Debug|Any CPU
		{F67B5209-F293-4D4D-99A7-B7C65B06FD59}.Debug|x86.ActiveCfg = Debug|Any CPU
		{F67B5209-F293-4D4D-99A7-B7C65B06FD59}.Debug|x86.Build.0 = Debug|Any CPU
		{F67B5209-F293-4D4D-99A7-B7C65B06FD59}.Release|Any CPU.ActiveCfg = Release|Any CPU
		{F67B5209-F293-4D4D-99A7-B7C65B06FD59}.Release|Any CPU.Build.0 = Release|Any CPU
		{F67B5209-F293-4D4D-99A7-B7C65B06FD59}.Release|ARM.ActiveCfg = Release|Any CPU
		{F67B5209-F293-4D4D-99A7-B7C65B06FD59}.Release|ARM.Build.0 = Release|Any CPU
		{F67B5209-F293-4D4D-99A7-B7C65B06FD59}.Release|ARM64.ActiveCfg = Release|Any CPU
		{F67B5209-F293-4D4D-99A7-B7C65B06FD59}.Release|ARM64.Build.0 = Release|Any CPU
		{F67B5209-F293-4D4D-99A7-B7C65B06FD59}.Release|x64.ActiveCfg = Release|Any CPU
		{F67B5209-F293-4D4D-99A7-B7C65B06FD59}.Release|x64.Build.0 = Release|Any CPU
		{F67B5209-F293-4D4D-99A7-B7C65B06FD59}.Release|x86.ActiveCfg = Release|Any CPU
		{F67B5209-F293-4D4D-99A7-B7C65B06FD59}.Release|x86.Build.0 = Release|Any CPU
		{6E6631F3-0058-4F7C-BFE1-CFE2AB2971E8}.Debug|Any CPU.ActiveCfg = Debug|Any CPU
		{6E6631F3-0058-4F7C-BFE1-CFE2AB2971E8}.Debug|Any CPU.Build.0 = Debug|Any CPU
		{6E6631F3-0058-4F7C-BFE1-CFE2AB2971E8}.Debug|ARM.ActiveCfg = Debug|Any CPU
		{6E6631F3-0058-4F7C-BFE1-CFE2AB2971E8}.Debug|ARM.Build.0 = Debug|Any CPU
		{6E6631F3-0058-4F7C-BFE1-CFE2AB2971E8}.Debug|ARM64.ActiveCfg = Debug|Any CPU
		{6E6631F3-0058-4F7C-BFE1-CFE2AB2971E8}.Debug|ARM64.Build.0 = Debug|Any CPU
		{6E6631F3-0058-4F7C-BFE1-CFE2AB2971E8}.Debug|x64.ActiveCfg = Debug|Any CPU
		{6E6631F3-0058-4F7C-BFE1-CFE2AB2971E8}.Debug|x64.Build.0 = Debug|Any CPU
		{6E6631F3-0058-4F7C-BFE1-CFE2AB2971E8}.Debug|x86.ActiveCfg = Debug|Any CPU
		{6E6631F3-0058-4F7C-BFE1-CFE2AB2971E8}.Debug|x86.Build.0 = Debug|Any CPU
		{6E6631F3-0058-4F7C-BFE1-CFE2AB2971E8}.Release|Any CPU.ActiveCfg = Release|Any CPU
		{6E6631F3-0058-4F7C-BFE1-CFE2AB2971E8}.Release|Any CPU.Build.0 = Release|Any CPU
		{6E6631F3-0058-4F7C-BFE1-CFE2AB2971E8}.Release|ARM.ActiveCfg = Release|Any CPU
		{6E6631F3-0058-4F7C-BFE1-CFE2AB2971E8}.Release|ARM.Build.0 = Release|Any CPU
		{6E6631F3-0058-4F7C-BFE1-CFE2AB2971E8}.Release|ARM64.ActiveCfg = Release|Any CPU
		{6E6631F3-0058-4F7C-BFE1-CFE2AB2971E8}.Release|ARM64.Build.0 = Release|Any CPU
		{6E6631F3-0058-4F7C-BFE1-CFE2AB2971E8}.Release|x64.ActiveCfg = Release|Any CPU
		{6E6631F3-0058-4F7C-BFE1-CFE2AB2971E8}.Release|x64.Build.0 = Release|Any CPU
		{6E6631F3-0058-4F7C-BFE1-CFE2AB2971E8}.Release|x86.ActiveCfg = Release|Any CPU
		{6E6631F3-0058-4F7C-BFE1-CFE2AB2971E8}.Release|x86.Build.0 = Release|Any CPU
		{3B37562C-2238-4223-8B3A-0A9A7B767BB6}.Debug|Any CPU.ActiveCfg = Debug|Any CPU
		{3B37562C-2238-4223-8B3A-0A9A7B767BB6}.Debug|Any CPU.Build.0 = Debug|Any CPU
		{3B37562C-2238-4223-8B3A-0A9A7B767BB6}.Debug|ARM.ActiveCfg = Debug|Any CPU
		{3B37562C-2238-4223-8B3A-0A9A7B767BB6}.Debug|ARM.Build.0 = Debug|Any CPU
		{3B37562C-2238-4223-8B3A-0A9A7B767BB6}.Debug|ARM64.ActiveCfg = Debug|Any CPU
		{3B37562C-2238-4223-8B3A-0A9A7B767BB6}.Debug|ARM64.Build.0 = Debug|Any CPU
		{3B37562C-2238-4223-8B3A-0A9A7B767BB6}.Debug|x64.ActiveCfg = Debug|Any CPU
		{3B37562C-2238-4223-8B3A-0A9A7B767BB6}.Debug|x64.Build.0 = Debug|Any CPU
		{3B37562C-2238-4223-8B3A-0A9A7B767BB6}.Debug|x86.ActiveCfg = Debug|Any CPU
		{3B37562C-2238-4223-8B3A-0A9A7B767BB6}.Debug|x86.Build.0 = Debug|Any CPU
		{3B37562C-2238-4223-8B3A-0A9A7B767BB6}.Release|Any CPU.ActiveCfg = Release|Any CPU
		{3B37562C-2238-4223-8B3A-0A9A7B767BB6}.Release|Any CPU.Build.0 = Release|Any CPU
		{3B37562C-2238-4223-8B3A-0A9A7B767BB6}.Release|ARM.ActiveCfg = Release|Any CPU
		{3B37562C-2238-4223-8B3A-0A9A7B767BB6}.Release|ARM.Build.0 = Release|Any CPU
		{3B37562C-2238-4223-8B3A-0A9A7B767BB6}.Release|ARM64.ActiveCfg = Release|Any CPU
		{3B37562C-2238-4223-8B3A-0A9A7B767BB6}.Release|ARM64.Build.0 = Release|Any CPU
		{3B37562C-2238-4223-8B3A-0A9A7B767BB6}.Release|x64.ActiveCfg = Release|Any CPU
		{3B37562C-2238-4223-8B3A-0A9A7B767BB6}.Release|x64.Build.0 = Release|Any CPU
		{3B37562C-2238-4223-8B3A-0A9A7B767BB6}.Release|x86.ActiveCfg = Release|Any CPU
		{3B37562C-2238-4223-8B3A-0A9A7B767BB6}.Release|x86.Build.0 = Release|Any CPU
		{8808C737-25D4-412B-94F2-817A0015E6FB}.Debug|Any CPU.ActiveCfg = Debug|Any CPU
		{8808C737-25D4-412B-94F2-817A0015E6FB}.Debug|Any CPU.Build.0 = Debug|Any CPU
		{8808C737-25D4-412B-94F2-817A0015E6FB}.Debug|ARM.ActiveCfg = Debug|Any CPU
		{8808C737-25D4-412B-94F2-817A0015E6FB}.Debug|ARM.Build.0 = Debug|Any CPU
		{8808C737-25D4-412B-94F2-817A0015E6FB}.Debug|ARM64.ActiveCfg = Debug|Any CPU
		{8808C737-25D4-412B-94F2-817A0015E6FB}.Debug|ARM64.Build.0 = Debug|Any CPU
		{8808C737-25D4-412B-94F2-817A0015E6FB}.Debug|x64.ActiveCfg = Debug|Any CPU
		{8808C737-25D4-412B-94F2-817A0015E6FB}.Debug|x64.Build.0 = Debug|Any CPU
		{8808C737-25D4-412B-94F2-817A0015E6FB}.Debug|x86.ActiveCfg = Debug|Any CPU
		{8808C737-25D4-412B-94F2-817A0015E6FB}.Debug|x86.Build.0 = Debug|Any CPU
		{8808C737-25D4-412B-94F2-817A0015E6FB}.Release|Any CPU.ActiveCfg = Release|Any CPU
		{8808C737-25D4-412B-94F2-817A0015E6FB}.Release|Any CPU.Build.0 = Release|Any CPU
		{8808C737-25D4-412B-94F2-817A0015E6FB}.Release|ARM.ActiveCfg = Release|Any CPU
		{8808C737-25D4-412B-94F2-817A0015E6FB}.Release|ARM.Build.0 = Release|Any CPU
		{8808C737-25D4-412B-94F2-817A0015E6FB}.Release|ARM64.ActiveCfg = Release|Any CPU
		{8808C737-25D4-412B-94F2-817A0015E6FB}.Release|ARM64.Build.0 = Release|Any CPU
		{8808C737-25D4-412B-94F2-817A0015E6FB}.Release|x64.ActiveCfg = Release|Any CPU
		{8808C737-25D4-412B-94F2-817A0015E6FB}.Release|x64.Build.0 = Release|Any CPU
		{8808C737-25D4-412B-94F2-817A0015E6FB}.Release|x86.ActiveCfg = Release|Any CPU
		{8808C737-25D4-412B-94F2-817A0015E6FB}.Release|x86.Build.0 = Release|Any CPU
	EndGlobalSection
	GlobalSection(SolutionProperties) = preSolution
		HideSolutionNode = FALSE
	EndGlobalSection
	GlobalSection(ExtensibilityGlobals) = postSolution
		SolutionGuid = {87FF7B02-6BD9-4E46-8417-AD8F0B686035}
	EndGlobalSection
EndGlobal
